
Microsoft Visual Studio Solution File, Format Version 10.00
# Visual C++ Express 2008
Project("{8BC9CEB8-8B4A-11D0-8D11-00A0C91BC942}") = "_All", "_All\_All.vcproj", "{D16C80FE-557D-45F4-B534-42FE0A521354}"
	ProjectSection(ProjectDependencies) = postProject
		{C4771226-3FDA-4651-B674-9BEDF3CBBB75} = {C4771226-3FDA-4651-B674-9BEDF3CBBB75}
		{13DF3DE9-BF04-4699-8B61-9C4B34B6BF7A} = {13DF3DE9-BF04-4699-8B61-9C4B34B6BF7A}
		{21651F29-5038-411C-95E8-7062C3899ABE} = {21651F29-5038-411C-95E8-7062C3899ABE}
		{AF1C7129-DB33-4CF4-9658-27660576EF1A} = {AF1C7129-DB33-4CF4-9658-27660576EF1A}
		{1264F4C3-4E4F-4E94-A422-E476F92E5C44} = {1264F4C3-4E4F-4E94-A422-E476F92E5C44}
	EndProjectSection
EndProject
Project("{8BC9CEB8-8B4A-11D0-8D11-00A0C91BC942}") = "compile_grammar", "compile_grammar\compile_grammar.vcproj", "{C4771226-3FDA-4651-B674-9BEDF3CBBB75}"
	ProjectSection(ProjectDependencies) = postProject
		{AF1C7129-DB33-4CF4-9658-27660576EF1A} = {AF1C7129-DB33-4CF4-9658-27660576EF1A}
	EndProjectSection
EndProject
Project("{8BC9CEB8-8B4A-11D0-8D11-00A0C91BC942}") = "concept_leaf", "concept_leaf\concept_leaf.vcproj", "{13DF3DE9-BF04-4699-8B61-9C4B34B6BF7A}"
	ProjectSection(ProjectDependencies) = postProject
		{AF1C7129-DB33-4CF4-9658-27660576EF1A} = {AF1C7129-DB33-4CF4-9658-27660576EF1A}
	EndProjectSection
EndProject
Project("{8BC9CEB8-8B4A-11D0-8D11-00A0C91BC942}") = "parse_text", "parse_text\parse_text.vcproj", "{21651F29-5038-411C-95E8-7062C3899ABE}"
	ProjectSection(ProjectDependencies) = postProject
		{AF1C7129-DB33-4CF4-9658-27660576EF1A} = {AF1C7129-DB33-4CF4-9658-27660576EF1A}
	EndProjectSection
EndProject
Project("{8BC9CEB8-8B4A-11D0-8D11-00A0C91BC942}") = "phoenix", "phoenix\phoenix.vcproj", "{AF1C7129-DB33-4CF4-9658-27660576EF1A}"
EndProject
Project("{8BC9CEB8-8B4A-11D0-8D11-00A0C91BC942}") = "train", "train\train.vcproj", "{1264F4C3-4E4F-4E94-A422-E476F92E5C44}"
	ProjectSection(ProjectDependencies) = postProject
		{AF1C7129-DB33-4CF4-9658-27660576EF1A} = {AF1C7129-DB33-4CF4-9658-27660576EF1A}
	EndProjectSection
EndProject
Global
	GlobalSection(SolutionConfigurationPlatforms) = preSolution
		Debug|Win32 = Debug|Win32
		Release|Win32 = Release|Win32
	EndGlobalSection
	GlobalSection(ProjectConfigurationPlatforms) = postSolution
		{D16C80FE-557D-45F4-B534-42FE0A521354}.Debug|Win32.ActiveCfg = Debug|Win32
		{D16C80FE-557D-45F4-B534-42FE0A521354}.Debug|Win32.Build.0 = Debug|Win32
		{D16C80FE-557D-45F4-B534-42FE0A521354}.Release|Win32.ActiveCfg = Release|Win32
		{D16C80FE-557D-45F4-B534-42FE0A521354}.Release|Win32.Build.0 = Release|Win32
		{C4771226-3FDA-4651-B674-9BEDF3CBBB75}.Debug|Win32.ActiveCfg = Debug|Win32
		{C4771226-3FDA-4651-B674-9BEDF3CBBB75}.Debug|Win32.Build.0 = Debug|Win32
		{C4771226-3FDA-4651-B674-9BEDF3CBBB75}.Release|Win32.ActiveCfg = Release|Win32
		{C4771226-3FDA-4651-B674-9BEDF3CBBB75}.Release|Win32.Build.0 = Release|Win32
		{13DF3DE9-BF04-4699-8B61-9C4B34B6BF7A}.Debug|Win32.ActiveCfg = Debug|Win32
		{13DF3DE9-BF04-4699-8B61-9C4B34B6BF7A}.Debug|Win32.Build.0 = Debug|Win32
		{13DF3DE9-BF04-4699-8B61-9C4B34B6BF7A}.Release|Win32.ActiveCfg = Release|Win32
		{13DF3DE9-BF04-4699-8B61-9C4B34B6BF7A}.Release|Win32.Build.0 = Release|Win32
		{21651F29-5038-411C-95E8-7062C3899ABE}.Debug|Win32.ActiveCfg = Debug|Win32
		{21651F29-5038-411C-95E8-7062C3899ABE}.Debug|Win32.Build.0 = Debug|Win32
		{21651F29-5038-411C-95E8-7062C3899ABE}.Release|Win32.ActiveCfg = Release|Win32
		{21651F29-5038-411C-95E8-7062C3899ABE}.Release|Win32.Build.0 = Release|Win32
		{AF1C7129-DB33-4CF4-9658-27660576EF1A}.Debug|Win32.ActiveCfg = Debug|Win32
		{AF1C7129-DB33-4CF4-9658-27660576EF1A}.Debug|Win32.Build.0 = Debug|Win32
		{AF1C7129-DB33-4CF4-9658-27660576EF1A}.Release|Win32.ActiveCfg = Release|Win32
		{AF1C7129-DB33-4CF4-9658-27660576EF1A}.Release|Win32.Build.0 = Release|Win32
		{1264F4C3-4E4F-4E94-A422-E476F92E5C44}.Debug|Win32.ActiveCfg = Debug|Win32
		{1264F4C3-4E4F-4E94-A422-E476F92E5C44}.Debug|Win32.Build.0 = Debug|Win32
		{1264F4C3-4E4F-4E94-A422-E476F92E5C44}.Release|Win32.ActiveCfg = Release|Win32
		{1264F4C3-4E4F-4E94-A422-E476F92E5C44}.Release|Win32.Build.0 = Release|Win32
	EndGlobalSection
	GlobalSection(SolutionProperties) = preSolution
		HideSolutionNode = FALSE
	EndGlobalSection
EndGlobal
